
Microsoft Visual Studio Solution File, Format Version 12.00
# Visual Studio Version 16
VisualStudioVersion = 16.0.30128.74
MinimumVisualStudioVersion = 10.0.40219.1
Project("{FAE04EC0-301F-11D3-BF4B-00C04F79EFBC}") = "RevertCreate", "RevertCreate\RevertCreate.csproj", "{432E6B48-6DE2-48ED-B274-ACEDA5DAD577}"
EndProject
Global
	GlobalSection(SolutionConfigurationPlatforms) = preSolution
		Debug|Any CPU = Debug|Any CPU
		Release|Any CPU = Release|Any CPU
	EndGlobalSection
	GlobalSection(ProjectConfigurationPlatforms) = postSolution
		{432E6B48-6DE2-48ED-B274-ACEDA5DAD577}.Debug|Any CPU.ActiveCfg = Debug|Any CPU
		{432E6B48-6DE2-48ED-B274-ACEDA5DAD577}.Debug|Any CPU.Build.0 = Debug|Any CPU
		{432E6B48-6DE2-48ED-B274-ACEDA5DAD577}.Release|Any CPU.ActiveCfg = Release|Any CPU
		{432E6B48-6DE2-48ED-B274-ACEDA5DAD577}.Release|Any CPU.Build.0 = Release|Any CPU
	EndGlobalSection
	GlobalSection(SolutionProperties) = preSolution
		HideSolutionNode = FALSE
	EndGlobalSection
	GlobalSection(ExtensibilityGlobals) = postSolution
		SolutionGuid = {584F27D5-D70D-4F37-B7C8-3436EAC7C2AE}
	EndGlobalSection
EndGlobal
